
Microsoft Visual Studio Solution File, Format Version 12.00
# Visual Studio Version 17
VisualStudioVersion = 17.1.32421.90
MinimumVisualStudioVersion = 10.0.40219.1
Project("{8BC9CEB8-8B4A-11D0-8D11-00A0C91BC942}") = "Diablo-Chinese", "Diablo-Chinese\Diablo-Chinese.vcxproj", "{A50A8AE6-9E08-42E1-92A0-78EF87528788}"
EndProject
Global
	GlobalSection(SolutionConfigurationPlatforms) = preSolution
		Debug|x64 = Debug|x64
		Debug|x86 = Debug|x86
		Release|x64 = Release|x64
		Release|x86 = Release|x86
	EndGlobalSection
	GlobalSection(ProjectConfigurationPlatforms) = postSolution
		{A50A8AE6-9E08-42E1-92A0-78EF87528788}.Debug|x64.ActiveCfg = Debug|x64
		{A50A8AE6-9E08-42E1-92A0-78EF87528788}.Debug|x64.Build.0 = Debug|x64
		{A50A8AE6-9E08-42E1-92A0-78EF87528788}.Debug|x86.ActiveCfg = Debug|Win32
		{A50A8AE6-9E08-42E1-92A0-78EF87528788}.Debug|x86.Build.0 = Debug|Win32
		{A50A8AE6-9E08-42E1-92A0-78EF87528788}.Release|x64.ActiveCfg = Release|x64
		{A50A8AE6-9E08-42E1-92A0-78EF87528788}.Release|x64.Build.0 = Release|x64
		{A50A8AE6-9E08-42E1-92A0-78EF87528788}.Release|x86.ActiveCfg = Release|Win32
		{A50A8AE6-9E08-42E1-92A0-78EF87528788}.Release|x86.Build.0 = Release|Win32
	EndGlobalSection
	GlobalSection(SolutionProperties) = preSolution
		HideSolutionNode = FALSE
	EndGlobalSection
	GlobalSection(ExtensibilityGlobals) = postSolution
		SolutionGuid = {661E1768-31C8-48F0-B91F-C8F94ED5278D}
	EndGlobalSection
EndGlobal
